lockfileVersion: 5.4

specifiers:
  '@types/node': ^18.15.0
  package-auto-tsc: github:100100101/package-auto-tsc
  typescript: ^4.9.5
  watch-process-death: github:100100101/watch-process-death

dependencies:
  '@types/node': 18.15.0
  package-auto-tsc: github.com/100100101/package-auto-tsc/f98f4386a43eab83a8abe5e89a0754dd27340831
  typescript: 4.9.5
  watch-process-death: github.com/100100101/watch-process-death/4c1180dc222943ef0b214a5ad807802677266ca2

packages:

  /@types/node/18.15.0:
    resolution: {integrity: sha512-z6nr0TTEOBGkzLGmbypWOGnpSpSIBorEhC4L+4HeQ2iezKCi4f77kyslRwvHeNitymGQ+oFyIWGP96l/DPSV9w==}
    dev: false

  /typescript/4.9.5:
    resolution: {integrity: sha512-1FXk9E2Hm+QzZQ7z+McJiHL4NW1F2EzMu9Nq9i3zAaGqibafqYwCVU6WyWAuyQRRzOlxou8xZSyXLEN8oKj24g==}
    engines: {node: '>=4.2.0'}
    hasBin: true
    dev: false

  github.com/100100101/package-auto-tsc/f98f4386a43eab83a8abe5e89a0754dd27340831:
    resolution: {tarball: https://codeload.github.com/100100101/package-auto-tsc/tar.gz/f98f4386a43eab83a8abe5e89a0754dd27340831}
    name: package-auto-tsc
    version: 1.0.1
    dev: false

  github.com/100100101/watch-process-death/4c1180dc222943ef0b214a5ad807802677266ca2:
    resolution: {tarball: https://codeload.github.com/100100101/watch-process-death/tar.gz/4c1180dc222943ef0b214a5ad807802677266ca2}
    name: watch-process-death
    version: 2.1.108
    dependencies:
      '@types/node': 18.15.0
      package-auto-tsc: github.com/100100101/package-auto-tsc/f98f4386a43eab83a8abe5e89a0754dd27340831
      typescript: 4.9.5
    dev: false
